version: 1
satisfied:
- {check: "root/clippy", scope_hash: "025799318d5429068bb6fabb48a66f9d8557e7f3f15f056d1bfbf0acf163c9fa"}
- {check: "root/clippy", scope_hash: "4fa5ef0243a22ad82efd016ce7dbfb649a685893f537257870c7330c4122e9fb"}
- {check: "root/clippy", scope_hash: "e241deec40a0d6712a8198924cccbfca76c609e766f221537cb2eac63249d352"}
- {check: "root/clippy", scope_hash: "f29c8fbb64d22c720391c23821557c66dbe69fa147d47d3201b1107af904bf52"}
- {check: "root/distribution", scope_hash: "0ca95f03adbe50c90bf0e3d86ce694d9c99b1976315511411b4d067c48b0ded4"}
- {check: "root/fmt", scope_hash: "34b13332fa9ef9d0b0d26bf4c37a2e513a3d2603dbe035025716058bdf70abc0"}
- {check: "root/fmt", scope_hash: "3e8f40b95b46f673999f943f0c6834402705da0a962821d8a68b38f386752cce"}
- {check: "root/fmt", scope_hash: "61f112081f3dd0e2636926ca4bb365f93536b66ff85c4b1d49f1a17dfeea960d"}
- {check: "root/fmt", scope_hash: "fe1017a657e4506713ef6370a45024cc66f6a9471fc70b005fef0d56599bf1d7"}
- {check: "root/ownership", scope_hash: "5514917a932f03c1a89fc6ade193706ef45ed0ed767864db7a5b4ad449bb2a70"}
- {check: "root/unit", scope_hash: "568e94a611d2f3e7dddd0415d9343f9a892348c1add39f23ceb671dee3e8192e"}
- {check: "root/unit", scope_hash: "7a7d179cdec302281d6e8fcf701785e2a7718fdf555486e4948b6040982cbfe9"}
- {check: "root/unit", scope_hash: "95628530592b1102ac1c5336ebd255e260085c58fb3f4c36fbe1da4756177262"}
- {check: "root/unit", scope_hash: "a922ac9d2483f572988ff1434d0dabdc446f99ea107b432111e039fcf2d5d654"}
